
Microsoft Visual Studio Solution File, Format Version 12.00
# Visual Studio Version 17
VisualStudioVersion = 17.0.31903.59
MinimumVisualStudioVersion = 10.0.40219.1
Project("{FAE04EC0-301F-11D3-BF4B-00C04F79EFBC}") = "MessageDecorator", "MessageDecorator\MessageDecorator.csproj", "{AB159754-46B9-4109-AFCF-61D1A4EEAE08}"
EndProject
Project("{FAE04EC0-301F-11D3-BF4B-00C04F79EFBC}") = "MessageDecorator.Tests", "MessageDecorator.Tests\MessageDecorator.Tests.csproj", "{3982464F-5676-4F87-8A15-55299691A877}"
EndProject
Global
	GlobalSection(SolutionConfigurationPlatforms) = preSolution
		Debug|Any CPU = Debug|Any CPU
		Release|Any CPU = Release|Any CPU
	EndGlobalSection
	GlobalSection(SolutionProperties) = preSolution
		HideSolutionNode = FALSE
	EndGlobalSection
	GlobalSection(ProjectConfigurationPlatforms) = postSolution
		{AB159754-46B9-4109-AFCF-61D1A4EEAE08}.Debug|Any CPU.ActiveCfg = Debug|Any CPU
		{AB159754-46B9-4109-AFCF-61D1A4EEAE08}.Debug|Any CPU.Build.0 = Debug|Any CPU
		{AB159754-46B9-4109-AFCF-61D1A4EEAE08}.Release|Any CPU.ActiveCfg = Release|Any CPU
		{AB159754-46B9-4109-AFCF-61D1A4EEAE08}.Release|Any CPU.Build.0 = Release|Any CPU
		{3982464F-5676-4F87-8A15-55299691A877}.Debug|Any CPU.ActiveCfg = Debug|Any CPU
		{3982464F-5676-4F87-8A15-55299691A877}.Debug|Any CPU.Build.0 = Debug|Any CPU
		{3982464F-5676-4F87-8A15-55299691A877}.Release|Any CPU.ActiveCfg = Release|Any CPU
		{3982464F-5676-4F87-8A15-55299691A877}.Release|Any CPU.Build.0 = Release|Any CPU
	EndGlobalSection
EndGlobal
